
Microsoft Visual Studio Solution File, Format Version 12.00
# Visual Studio 2012
Project("{CC5FD16D-436D-48AD-A40C-5A424C6E3E79}") = "azure-flatfile-render", "azure-flatfile-render\azure-flatfile-render.ccproj", "{4197BC80-C4EC-41EE-A341-E79D6B51F5CA}"
EndProject
Project("{FAE04EC0-301F-11D3-BF4B-00C04F79EFBC}") = "Render", "Render\Render.csproj", "{C3C28D2B-288E-41A3-8815-F87678130897}"
EndProject
Global
	GlobalSection(SolutionConfigurationPlatforms) = preSolution
		Debug|Any CPU = Debug|Any CPU
		Release|Any CPU = Release|Any CPU
	EndGlobalSection
	GlobalSection(ProjectConfigurationPlatforms) = postSolution
		{4197BC80-C4EC-41EE-A341-E79D6B51F5CA}.Debug|Any CPU.ActiveCfg = Debug|Any CPU
		{4197BC80-C4EC-41EE-A341-E79D6B51F5CA}.Debug|Any CPU.Build.0 = Debug|Any CPU
		{4197BC80-C4EC-41EE-A341-E79D6B51F5CA}.Release|Any CPU.ActiveCfg = Release|Any CPU
		{4197BC80-C4EC-41EE-A341-E79D6B51F5CA}.Release|Any CPU.Build.0 = Release|Any CPU
		{C3C28D2B-288E-41A3-8815-F87678130897}.Debug|Any CPU.ActiveCfg = Debug|Any CPU
		{C3C28D2B-288E-41A3-8815-F87678130897}.Debug|Any CPU.Build.0 = Debug|Any CPU
		{C3C28D2B-288E-41A3-8815-F87678130897}.Release|Any CPU.ActiveCfg = Release|Any CPU
		{C3C28D2B-288E-41A3-8815-F87678130897}.Release|Any CPU.Build.0 = Release|Any CPU
	EndGlobalSection
	GlobalSection(SolutionProperties) = preSolution
		HideSolutionNode = FALSE
	EndGlobalSection
EndGlobal
